{
  "originHash" : "c18ed7d4c3eb52cbc342b966d828442d2dfac554400b8af9825017e69d038392",
  "pins" : [
    {
      "identity" : "alamofire",
      "kind" : "remoteSourceControl",
      "location" : "https://github.com/Alamofire/Alamofire.git",
      "state" : {
        "revision" : "513364f870f6bfc468f9d2ff0a95caccc10044c5",
        "version" : "5.10.2"
      }
    },
    {
      "identity" : "alamofireimage",
      "kind" : "remoteSourceControl",
      "location" : "https://github.com/Alamofire/AlamofireImage.git",
      "state" : {
        "revision" : "1eaf3b6c6882bed10f6e7b119665599dd2329aa1",
        "version" : "4.3.0"
      }
    },
    {
      "identity" : "chronometer",
      "kind" : "remoteSourceControl",
      "location" : "https://github.com/KittyMac/Chronometer.git",
      "state" : {
        "revision" : "d21b89e5cb5929b5175bdb3ad710a52cbf497eaa",
        "version" : "0.1.12"
      }
    },
    {
      "identity" : "combineext",
      "kind" : "remoteSourceControl",
      "location" : "https://github.com/CombineCommunity/CombineExt.git",
      "state" : {
        "revision" : "d7b896fa9ca8b47fa7bcde6b43ef9b70bf8c1f56",
        "version" : "1.8.1"
      }
    },
    {
      "identity" : "goodcoordinator-ios",
      "kind" : "remoteSourceControl",
      "location" : "https://github.com/GoodRequest/GoodCoordinator-iOS",
      "state" : {
        "revision" : "3b5fc8c164477a2ff3ad902cf7e5854015dcc147",
        "version" : "3.0.3"
      }
    },
    {
      "identity" : "goodlogger",
      "kind" : "remoteSourceControl",
      "location" : "https://github.com/GoodRequest/GoodLogger.git",
      "state" : {
        "revision" : "14318cd3a38a08ac49e2b1dee56386904fedecc5",
        "version" : "1.3.0"
      }
    },
    {
      "identity" : "goodnetworking",
      "kind" : "remoteSourceControl",
      "location" : "https://github.com/GoodRequest/GoodNetworking",
      "state" : {
        "branch" : "resource-updating",
        "revision" : "e845db183e3f8ff55518e431fb98ee976540938a"
      }
    },
    {
      "identity" : "hitch",
      "kind" : "remoteSourceControl",
      "location" : "https://github.com/KittyMac/Hitch.git",
      "state" : {
        "revision" : "d6c147a1d70992db39a141cb5bf9cf8fbb776250",
        "version" : "0.4.148"
      }
    },
    {
      "identity" : "sextant",
      "kind" : "remoteSourceControl",
      "location" : "https://github.com/KittyMac/Sextant.git",
      "state" : {
        "revision" : "b2141d4a693e2a768720534009cb621252be39a0",
        "version" : "0.4.33"
      }
    },
    {
      "identity" : "spanker",
      "kind" : "remoteSourceControl",
      "location" : "https://github.com/KittyMac/Spanker.git",
      "state" : {
        "revision" : "d4b439bf76a40fb45d86a24d13b9c26e7d630eee",
        "version" : "0.2.49"
      }
    },
    {
      "identity" : "swift-async-algorithms",
      "kind" : "remoteSourceControl",
      "location" : "https://github.com/apple/swift-async-algorithms.git",
      "state" : {
        "revision" : "6ae9a051f76b81cc668305ceed5b0e0a7fd93d20",
        "version" : "1.0.1"
      }
    },
    {
      "identity" : "swift-collections",
      "kind" : "remoteSourceControl",
      "location" : "https://github.com/apple/swift-collections.git",
      "state" : {
        "revision" : "9bf03ff58ce34478e66aaee630e491823326fd06",
        "version" : "1.1.3"
      }
    },
    {
      "identity" : "swift-syntax",
      "kind" : "remoteSourceControl",
      "location" : "https://github.com/apple/swift-syntax.git",
      "state" : {
        "revision" : "0687f71944021d616d34d922343dcef086855920",
        "version" : "600.0.1"
      }
    }
  ],
  "version" : 3
}
